// !$*UTF8*$!
{
	archiveVersion = 1;
	classes = {
	};
	objectVersion = 51;
	objects = {

/* Begin PBXBuildFile section */
		061B490624DF7161002104D5 /* AppDelegate.swift in Sources */ = {isa = PBXBuildFile; fileRef = 061B490524DF7161002104D5 /* AppDelegate.swift */; };
		061B490824DF7161002104D5 /* SceneDelegate.swift in Sources */ = {isa = PBXBuildFile; fileRef = 061B490724DF7161002104D5 /* SceneDelegate.swift */; };
		061B490C24DF7166002104D5 /* Assets.xcassets in Resources */ = {isa = PBXBuildFile; fileRef = 061B490B24DF7166002104D5 /* Assets.xcassets */; };
		061B490F24DF7166002104D5 /* Preview Assets.xcassets in Resources */ = {isa = PBXBuildFile; fileRef = 061B490E24DF7166002104D5 /* Preview Assets.xcassets */; };
		061B491224DF7166002104D5 /* LaunchScreen.storyboard in Resources */ = {isa = PBXBuildFile; fileRef = 061B491024DF7166002104D5 /* LaunchScreen.storyboard */; };
		061B491D24DF7166002104D5 /* CoconutChatTests.swift in Sources */ = {isa = PBXBuildFile; fileRef = 061B491C24DF7166002104D5 /* CoconutChatTests.swift */; };
		061B492824DF7166002104D5 /* CoconutChatUITests.swift in Sources */ = {isa = PBXBuildFile; fileRef = 061B492724DF7166002104D5 /* CoconutChatUITests.swift */; };
		061B493624DF72AC002104D5 /* User.swift in Sources */ = {isa = PBXBuildFile; fileRef = 061B493524DF72AC002104D5 /* User.swift */; };
		061B493824DF72B4002104D5 /* Message.swift in Sources */ = {isa = PBXBuildFile; fileRef = 061B493724DF72B4002104D5 /* Message.swift */; };
		061B493B24DF74CC002104D5 /* ContentMessageView.swift in Sources */ = {isa = PBXBuildFile; fileRef = 061B493A24DF74CC002104D5 /* ContentMessageView.swift */; };
		061B493D24DF74DB002104D5 /* MessageView.swift in Sources */ = {isa = PBXBuildFile; fileRef = 061B493C24DF74DB002104D5 /* MessageView.swift */; };
		061B493F24DF74E5002104D5 /* ChatView.swift in Sources */ = {isa = PBXBuildFile; fileRef = 061B493E24DF74E5002104D5 /* ChatView.swift */; };
		061B494224E028E1002104D5 /* TailView.swift in Sources */ = {isa = PBXBuildFile; fileRef = 061B494124E028E1002104D5 /* TailView.swift */; };
		061B494424E02A0A002104D5 /* MessageOrigin.swift in Sources */ = {isa = PBXBuildFile; fileRef = 061B494324E02A0A002104D5 /* MessageOrigin.swift */; };
		061B494624E02BFC002104D5 /* BubbleMessageView.swift in Sources */ = {isa = PBXBuildFile; fileRef = 061B494524E02BFC002104D5 /* BubbleMessageView.swift */; };
		061B494924E03D78002104D5 /* ChatRepository.swift in Sources */ = {isa = PBXBuildFile; fileRef = 061B494824E03D78002104D5 /* ChatRepository.swift */; };
		061B494B24E03E58002104D5 /* Constants.swift in Sources */ = {isa = PBXBuildFile; fileRef = 061B494A24E03E58002104D5 /* Constants.swift */; };
		061B494E24E03F4B002104D5 /* KeyboardResponder.swift in Sources */ = {isa = PBXBuildFile; fileRef = 061B494D24E03F4B002104D5 /* KeyboardResponder.swift */; };
		061B495024E03FDC002104D5 /* View+Extensions.swift in Sources */ = {isa = PBXBuildFile; fileRef = 061B494F24E03FDC002104D5 /* View+Extensions.swift */; };
		061B495424E0A420002104D5 /* ContactList.swift in Sources */ = {isa = PBXBuildFile; fileRef = 061B495324E0A420002104D5 /* ContactList.swift */; };
		061B495624E0A89C002104D5 /* UserStatus.swift in Sources */ = {isa = PBXBuildFile; fileRef = 061B495524E0A89C002104D5 /* UserStatus.swift */; };
		061B495824E0B5CB002104D5 /* ContactView.swift in Sources */ = {isa = PBXBuildFile; fileRef = 061B495724E0B5CB002104D5 /* ContactView.swift */; };
		061B495A24E15324002104D5 /* TextFieldAlertViewController+TextFieldAlert.swift in Sources */ = {isa = PBXBuildFile; fileRef = 061B495924E15324002104D5 /* TextFieldAlertViewController+TextFieldAlert.swift */; };
		061B495C24E15F9F002104D5 /* ContactRepository.swift in Sources */ = {isa = PBXBuildFile; fileRef = 061B495B24E15F9F002104D5 /* ContactRepository.swift */; };
		061B496324E20CEC002104D5 /* UserRepository.swift in Sources */ = {isa = PBXBuildFile; fileRef = 061B496224E20CEC002104D5 /* UserRepository.swift */; };
		06C60F0B24E44C0300C9A573 /* MiddlewareManager.swift in Sources */ = {isa = PBXBuildFile; fileRef = 06C60F0A24E44C0300C9A573 /* MiddlewareManager.swift */; };
		06C60F1024E4A9D100C9A573 /* UserRepository.swift in Sources */ = {isa = PBXBuildFile; fileRef = 061B496224E20CEC002104D5 /* UserRepository.swift */; };
		06C60F1124E4A9D100C9A573 /* ContactRepository.swift in Sources */ = {isa = PBXBuildFile; fileRef = 061B495B24E15F9F002104D5 /* ContactRepository.swift */; };
		06C60F1224E4A9D100C9A573 /* ContentMessageView.swift in Sources */ = {isa = PBXBuildFile; fileRef = 061B493A24DF74CC002104D5 /* ContentMessageView.swift */; };
		06C60F1324E4A9D100C9A573 /* BubbleMessageView.swift in Sources */ = {isa = PBXBuildFile; fileRef = 061B494524E02BFC002104D5 /* BubbleMessageView.swift */; };
		06C60F1424E4A9D100C9A573 /* TextFieldAlertViewController+TextFieldAlert.swift in Sources */ = {isa = PBXBuildFile; fileRef = 061B495924E15324002104D5 /* TextFieldAlertViewController+TextFieldAlert.swift */; };
		06C60F1524E4A9D100C9A573 /* User.swift in Sources */ = {isa = PBXBuildFile; fileRef = 061B493524DF72AC002104D5 /* User.swift */; };
		06C60F1624E4A9D100C9A573 /* MessageOrigin.swift in Sources */ = {isa = PBXBuildFile; fileRef = 061B494324E02A0A002104D5 /* MessageOrigin.swift */; };
		06C60F1724E4A9D100C9A573 /* AppDelegate.swift in Sources */ = {isa = PBXBuildFile; fileRef = 061B490524DF7161002104D5 /* AppDelegate.swift */; };
		06C60F1824E4A9D100C9A573 /* Message.swift in Sources */ = {isa = PBXBuildFile; fileRef = 061B493724DF72B4002104D5 /* Message.swift */; };
		06C60F1924E4A9D100C9A573 /* ChatView.swift in Sources */ = {isa = PBXBuildFile; fileRef = 061B493E24DF74E5002104D5 /* ChatView.swift */; };
		06C60F1A24E4A9D100C9A573 /* View+Extensions.swift in Sources */ = {isa = PBXBuildFile; fileRef = 061B494F24E03FDC002104D5 /* View+Extensions.swift */; };
		06C60F1B24E4A9D100C9A573 /* ChatRepository.swift in Sources */ = {isa = PBXBuildFile; fileRef = 061B494824E03D78002104D5 /* ChatRepository.swift */; };
		06C60F1D24E4A9D100C9A573 /* MiddlewareManager.swift in Sources */ = {isa = PBXBuildFile; fileRef = 06C60F0A24E44C0300C9A573 /* MiddlewareManager.swift */; };
		06C60F1E24E4A9D100C9A573 /* ContactList.swift in Sources */ = {isa = PBXBuildFile; fileRef = 061B495324E0A420002104D5 /* ContactList.swift */; };
		06C60F1F24E4A9D100C9A573 /* ContactView.swift in Sources */ = {isa = PBXBuildFile; fileRef = 061B495724E0B5CB002104D5 /* ContactView.swift */; };
		06C60F2024E4A9D100C9A573 /* TailView.swift in Sources */ = {isa = PBXBuildFile; fileRef = 061B494124E028E1002104D5 /* TailView.swift */; };
		06C60F2124E4A9D100C9A573 /* KeyboardResponder.swift in Sources */ = {isa = PBXBuildFile; fileRef = 061B494D24E03F4B002104D5 /* KeyboardResponder.swift */; };
		06C60F2224E4A9D100C9A573 /* Constants.swift in Sources */ = {isa = PBXBuildFile; fileRef = 061B494A24E03E58002104D5 /* Constants.swift */; };
		06C60F2324E4A9D100C9A573 /* SceneDelegate.swift in Sources */ = {isa = PBXBuildFile; fileRef = 061B490724DF7161002104D5 /* SceneDelegate.swift */; };
		06C60F2424E4A9D100C9A573 /* UserStatus.swift in Sources */ = {isa = PBXBuildFile; fileRef = 061B495524E0A89C002104D5 /* UserStatus.swift */; };
		06C60F2524E4A9D100C9A573 /* MessageView.swift in Sources */ = {isa = PBXBuildFile; fileRef = 061B493C24DF74DB002104D5 /* MessageView.swift */; };
		06C60F2724E4A9D100C9A573 /* Pods_CoconutChat.framework in Frameworks */ = {isa = PBXBuildFile; fileRef = 7EB22B249763493605F79654 /* Pods_CoconutChat.framework */; };
		06C60F2924E4A9D100C9A573 /* LaunchScreen.storyboard in Resources */ = {isa = PBXBuildFile; fileRef = 061B491024DF7166002104D5 /* LaunchScreen.storyboard */; };
		06C60F2A24E4A9D100C9A573 /* Preview Assets.xcassets in Resources */ = {isa = PBXBuildFile; fileRef = 061B490E24DF7166002104D5 /* Preview Assets.xcassets */; };
		06C60F2B24E4A9D100C9A573 /* Assets.xcassets in Resources */ = {isa = PBXBuildFile; fileRef = 061B490B24DF7166002104D5 /* Assets.xcassets */; };
		1FB6ED3D802CB0C87EF7257B /* Pods_CoconutChat.framework in Frameworks */ = {isa = PBXBuildFile; fileRef = 7EB22B249763493605F79654 /* Pods_CoconutChat.framework */; };
		C7B7A941CA956ACB2905345E /* Pods_CoconutChat_CoconutChatUITests.framework in Frameworks */ = {isa = PBXBuildFile; fileRef = AE7AC927A17CAFA0DC7965E2 /* Pods_CoconutChat_CoconutChatUITests.framework */; };
		D7E3471D7B8DD28B933C8769 /* Pods_CoconutChatTests.framework in Frameworks */ = {isa = PBXBuildFile; fileRef = 895E2291D31B34E9F7D53D36 /* Pods_CoconutChatTests.framework */; };
/* End PBXBuildFile section */

/* Begin PBXContainerItemProxy section */
		061B491924DF7166002104D5 /* PBXContainerItemProxy */ = {
			isa = PBXContainerItemProxy;
			containerPortal = 061B48FA24DF7161002104D5 /* Project object */;
			proxyType = 1;
			remoteGlobalIDString = 061B490124DF7161002104D5;
			remoteInfo = CoconutChat;
		};
		061B492424DF7166002104D5 /* PBXContainerItemProxy */ = {
			isa = PBXContainerItemProxy;
			containerPortal = 061B48FA24DF7161002104D5 /* Project object */;
			proxyType = 1;
			remoteGlobalIDString = 061B490124DF7161002104D5;
			remoteInfo = CoconutChat;
		};
/* End PBXContainerItemProxy section */

/* Begin PBXFileReference section */
		05D1D9C06EBE231548631A47 /* Pods-CoconutChat-CoconutChatUITests.release.xcconfig */ = {isa = PBXFileReference; includeInIndex = 1; lastKnownFileType = text.xcconfig; name = "Pods-CoconutChat-CoconutChatUITests.release.xcconfig"; path = "Target Support Files/Pods-CoconutChat-CoconutChatUITests/Pods-CoconutChat-CoconutChatUITests.release.xcconfig"; sourceTree = "<group>"; };
		061B490224DF7161002104D5 /* CoconutChat.app */ = {isa = PBXFileReference; explicitFileType = wrapper.application; includeInIndex = 0; path = CoconutChat.app; sourceTree = BUILT_PRODUCTS_DIR; };
		061B490524DF7161002104D5 /* AppDelegate.swift */ = {isa = PBXFileReference; lastKnownFileType = sourcecode.swift; path = AppDelegate.swift; sourceTree = "<group>"; };
		061B490724DF7161002104D5 /* SceneDelegate.swift */ = {isa = PBXFileReference; lastKnownFileType = sourcecode.swift; path = SceneDelegate.swift; sourceTree = "<group>"; };
		061B490B24DF7166002104D5 /* Assets.xcassets */ = {isa = PBXFileReference; lastKnownFileType = folder.assetcatalog; path = Assets.xcassets; sourceTree = "<group>"; };
		061B490E24DF7166002104D5 /* Preview Assets.xcassets */ = {isa = PBXFileReference; lastKnownFileType = folder.assetcatalog; path = "Preview Assets.xcassets"; sourceTree = "<group>"; };
		061B491124DF7166002104D5 /* Base */ = {isa = PBXFileReference; lastKnownFileType = file.storyboard; name = Base; path = Base.lproj/LaunchScreen.storyboard; sourceTree = "<group>"; };
		061B491324DF7166002104D5 /* Info.plist */ = {isa = PBXFileReference; lastKnownFileType = text.plist.xml; path = Info.plist; sourceTree = "<group>"; };
		061B491824DF7166002104D5 /* CoconutChatTests.xctest */ = {isa = PBXFileReference; explicitFileType = wrapper.cfbundle; includeInIndex = 0; path = CoconutChatTests.xctest; sourceTree = BUILT_PRODUCTS_DIR; };
		061B491C24DF7166002104D5 /* CoconutChatTests.swift */ = {isa = PBXFileReference; lastKnownFileType = sourcecode.swift; path = CoconutChatTests.swift; sourceTree = "<group>"; };
		061B491E24DF7166002104D5 /* Info.plist */ = {isa = PBXFileReference; lastKnownFileType = text.plist.xml; path = Info.plist; sourceTree = "<group>"; };
		061B492324DF7166002104D5 /* CoconutChatUITests.xctest */ = {isa = PBXFileReference; explicitFileType = wrapper.cfbundle; includeInIndex = 0; path = CoconutChatUITests.xctest; sourceTree = BUILT_PRODUCTS_DIR; };
		061B492724DF7166002104D5 /* CoconutChatUITests.swift */ = {isa = PBXFileReference; lastKnownFileType = sourcecode.swift; path = CoconutChatUITests.swift; sourceTree = "<group>"; };
		061B492924DF7166002104D5 /* Info.plist */ = {isa = PBXFileReference; lastKnownFileType = text.plist.xml; path = Info.plist; sourceTree = "<group>"; };
		061B493524DF72AC002104D5 /* User.swift */ = {isa = PBXFileReference; lastKnownFileType = sourcecode.swift; path = User.swift; sourceTree = "<group>"; };
		061B493724DF72B4002104D5 /* Message.swift */ = {isa = PBXFileReference; lastKnownFileType = sourcecode.swift; path = Message.swift; sourceTree = "<group>"; };
		061B493A24DF74CC002104D5 /* ContentMessageView.swift */ = {isa = PBXFileReference; lastKnownFileType = sourcecode.swift; path = ContentMessageView.swift; sourceTree = "<group>"; };
		061B493C24DF74DB002104D5 /* MessageView.swift */ = {isa = PBXFileReference; lastKnownFileType = sourcecode.swift; path = MessageView.swift; sourceTree = "<group>"; };
		061B493E24DF74E5002104D5 /* ChatView.swift */ = {isa = PBXFileReference; lastKnownFileType = sourcecode.swift; path = ChatView.swift; sourceTree = "<group>"; };
		061B494124E028E1002104D5 /* TailView.swift */ = {isa = PBXFileReference; lastKnownFileType = sourcecode.swift; path = TailView.swift; sourceTree = "<group>"; };
		061B494324E02A0A002104D5 /* MessageOrigin.swift */ = {isa = PBXFileReference; lastKnownFileType = sourcecode.swift; path = MessageOrigin.swift; sourceTree = "<group>"; };
		061B494524E02BFC002104D5 /* BubbleMessageView.swift */ = {isa = PBXFileReference; lastKnownFileType = sourcecode.swift; path = BubbleMessageView.swift; sourceTree = "<group>"; };
		061B494824E03D78002104D5 /* ChatRepository.swift */ = {isa = PBXFileReference; lastKnownFileType = sourcecode.swift; path = ChatRepository.swift; sourceTree = "<group>"; };
		061B494A24E03E58002104D5 /* Constants.swift */ = {isa = PBXFileReference; lastKnownFileType = sourcecode.swift; path = Constants.swift; sourceTree = "<group>"; };
		061B494D24E03F4B002104D5 /* KeyboardResponder.swift */ = {isa = PBXFileReference; lastKnownFileType = sourcecode.swift; path = KeyboardResponder.swift; sourceTree = "<group>"; };
		061B494F24E03FDC002104D5 /* View+Extensions.swift */ = {isa = PBXFileReference; lastKnownFileType = sourcecode.swift; path = "View+Extensions.swift"; sourceTree = "<group>"; };
		061B495324E0A420002104D5 /* ContactList.swift */ = {isa = PBXFileReference; lastKnownFileType = sourcecode.swift; path = ContactList.swift; sourceTree = "<group>"; };
		061B495524E0A89C002104D5 /* UserStatus.swift */ = {isa = PBXFileReference; lastKnownFileType = sourcecode.swift; path = UserStatus.swift; sourceTree = "<group>"; };
		061B495724E0B5CB002104D5 /* ContactView.swift */ = {isa = PBXFileReference; lastKnownFileType = sourcecode.swift; path = ContactView.swift; sourceTree = "<group>"; };
		061B495924E15324002104D5 /* TextFieldAlertViewController+TextFieldAlert.swift */ = {isa = PBXFileReference; lastKnownFileType = sourcecode.swift; path = "TextFieldAlertViewController+TextFieldAlert.swift"; sourceTree = "<group>"; };
		061B495B24E15F9F002104D5 /* ContactRepository.swift */ = {isa = PBXFileReference; lastKnownFileType = sourcecode.swift; path = ContactRepository.swift; sourceTree = "<group>"; };
		061B496224E20CEC002104D5 /* UserRepository.swift */ = {isa = PBXFileReference; lastKnownFileType = sourcecode.swift; path = UserRepository.swift; sourceTree = "<group>"; };
		06C60F0A24E44C0300C9A573 /* MiddlewareManager.swift */ = {isa = PBXFileReference; lastKnownFileType = sourcecode.swift; path = MiddlewareManager.swift; sourceTree = "<group>"; };
		06C60F3024E4A9D100C9A573 /* CoconutChat 2.app */ = {isa = PBXFileReference; explicitFileType = wrapper.application; includeInIndex = 0; path = "CoconutChat 2.app"; sourceTree = BUILT_PRODUCTS_DIR; };
		06C60F3124E4A9D200C9A573 /* CoconutChat copy-Info.plist */ = {isa = PBXFileReference; lastKnownFileType = text.plist.xml; name = "CoconutChat copy-Info.plist"; path = "/Users/gabi/Study/IFCE Projects/PPD/MOM/CoconutChat/CoconutChat copy-Info.plist"; sourceTree = "<absolute>"; };
		7EB22B249763493605F79654 /* Pods_CoconutChat.framework */ = {isa = PBXFileReference; explicitFileType = wrapper.framework; includeInIndex = 0; path = Pods_CoconutChat.framework; sourceTree = BUILT_PRODUCTS_DIR; };
		87F130536CFA5F4F236BBFB5 /* Pods-CoconutChatTests.release.xcconfig */ = {isa = PBXFileReference; includeInIndex = 1; lastKnownFileType = text.xcconfig; name = "Pods-CoconutChatTests.release.xcconfig"; path = "Target Support Files/Pods-CoconutChatTests/Pods-CoconutChatTests.release.xcconfig"; sourceTree = "<group>"; };
		895E2291D31B34E9F7D53D36 /* Pods_CoconutChatTests.framework */ = {isa = PBXFileReference; explicitFileType = wrapper.framework; includeInIndex = 0; path = Pods_CoconutChatTests.framework; sourceTree = BUILT_PRODUCTS_DIR; };
		8AFD14A6A6847BD4C56A0B8F /* Pods-CoconutChatTests.debug.xcconfig */ = {isa = PBXFileReference; includeInIndex = 1; lastKnownFileType = text.xcconfig; name = "Pods-CoconutChatTests.debug.xcconfig"; path = "Target Support Files/Pods-CoconutChatTests/Pods-CoconutChatTests.debug.xcconfig"; sourceTree = "<group>"; };
		AE7AC927A17CAFA0DC7965E2 /* Pods_CoconutChat_CoconutChatUITests.framework */ = {isa = PBXFileReference; explicitFileType = wrapper.framework; includeInIndex = 0; path = Pods_CoconutChat_CoconutChatUITests.framework; sourceTree = BUILT_PRODUCTS_DIR; };
		CE825D2CCB5E12CC6E56F0F9 /* Pods-CoconutChat.release.xcconfig */ = {isa = PBXFileReference; includeInIndex = 1; lastKnownFileType = text.xcconfig; name = "Pods-CoconutChat.release.xcconfig"; path = "Target Support Files/Pods-CoconutChat/Pods-CoconutChat.release.xcconfig"; sourceTree = "<group>"; };
		D028A947F5829579786D16CA /* Pods-CoconutChat.debug.xcconfig */ = {isa = PBXFileReference; includeInIndex = 1; lastKnownFileType = text.xcconfig; name = "Pods-CoconutChat.debug.xcconfig"; path = "Target Support Files/Pods-CoconutChat/Pods-CoconutChat.debug.xcconfig"; sourceTree = "<group>"; };
		E960D088A7733D48C6FB6F56 /* Pods-CoconutChat-CoconutChatUITests.debug.xcconfig */ = {isa = PBXFileReference; includeInIndex = 1; lastKnownFileType = text.xcconfig; name = "Pods-CoconutChat-CoconutChatUITests.debug.xcconfig"; path = "Target Support Files/Pods-CoconutChat-CoconutChatUITests/Pods-CoconutChat-CoconutChatUITests.debug.xcconfig"; sourceTree = "<group>"; };
/* End PBXFileReference section */

/* Begin PBXFrameworksBuildPhase section */
		061B48FF24DF7161002104D5 /* Frameworks */ = {
			isa = PBXFrameworksBuildPhase;
			buildActionMask = 2147483647;
			files = (
				1FB6ED3D802CB0C87EF7257B /* Pods_CoconutChat.framework in Frameworks */,
			);
			runOnlyForDeploymentPostprocessing = 0;
		};
		061B491524DF7166002104D5 /* Frameworks */ = {
			isa = PBXFrameworksBuildPhase;
			buildActionMask = 2147483647;
			files = (
				D7E3471D7B8DD28B933C8769 /* Pods_CoconutChatTests.framework in Frameworks */,
			);
			runOnlyForDeploymentPostprocessing = 0;
		};
		061B492024DF7166002104D5 /* Frameworks */ = {
			isa = PBXFrameworksBuildPhase;
			buildActionMask = 2147483647;
			files = (
				C7B7A941CA956ACB2905345E /* Pods_CoconutChat_CoconutChatUITests.framework in Frameworks */,
			);
			runOnlyForDeploymentPostprocessing = 0;
		};
		06C60F2624E4A9D100C9A573 /* Frameworks */ = {
			isa = PBXFrameworksBuildPhase;
			buildActionMask = 2147483647;
			files = (
				06C60F2724E4A9D100C9A573 /* Pods_CoconutChat.framework in Frameworks */,
			);
			runOnlyForDeploymentPostprocessing = 0;
		};
/* End PBXFrameworksBuildPhase section */

/* Begin PBXGroup section */
		061B48F924DF7161002104D5 = {
			isa = PBXGroup;
			children = (
				061B490424DF7161002104D5 /* CoconutChat */,
				061B491B24DF7166002104D5 /* CoconutChatTests */,
				061B492624DF7166002104D5 /* CoconutChatUITests */,
				061B490324DF7161002104D5 /* Products */,
				E9169411F42CFABB5AB62828 /* Pods */,
				E5F799B1715280D558613A53 /* Frameworks */,
				06C60F3124E4A9D200C9A573 /* CoconutChat copy-Info.plist */,
			);
			sourceTree = "<group>";
		};
		061B490324DF7161002104D5 /* Products */ = {
			isa = PBXGroup;
			children = (
				061B490224DF7161002104D5 /* CoconutChat.app */,
				061B491824DF7166002104D5 /* CoconutChatTests.xctest */,
				061B492324DF7166002104D5 /* CoconutChatUITests.xctest */,
				06C60F3024E4A9D100C9A573 /* CoconutChat 2.app */,
			);
			name = Products;
			sourceTree = "<group>";
		};
		061B490424DF7161002104D5 /* CoconutChat */ = {
			isa = PBXGroup;
			children = (
				06C60F0C24E44C0700C9A573 /* Service */,
				061B495D24E18935002104D5 /* Repository */,
				061B494C24E03E65002104D5 /* Helper */,
				061B493924DF72B9002104D5 /* Model */,
				061B494024DF74EB002104D5 /* View */,
				061B490524DF7161002104D5 /* AppDelegate.swift */,
				061B490724DF7161002104D5 /* SceneDelegate.swift */,
				061B490B24DF7166002104D5 /* Assets.xcassets */,
				061B491024DF7166002104D5 /* LaunchScreen.storyboard */,
				061B491324DF7166002104D5 /* Info.plist */,
				061B490D24DF7166002104D5 /* Preview Content */,
			);
			path = CoconutChat;
			sourceTree = "<group>";
		};
		061B490D24DF7166002104D5 /* Preview Content */ = {
			isa = PBXGroup;
			children = (
				061B490E24DF7166002104D5 /* Preview Assets.xcassets */,
			);
			path = "Preview Content";
			sourceTree = "<group>";
		};
		061B491B24DF7166002104D5 /* CoconutChatTests */ = {
			isa = PBXGroup;
			children = (
				061B491C24DF7166002104D5 /* CoconutChatTests.swift */,
				061B491E24DF7166002104D5 /* Info.plist */,
			);
			path = CoconutChatTests;
			sourceTree = "<group>";
		};
		061B492624DF7166002104D5 /* CoconutChatUITests */ = {
			isa = PBXGroup;
			children = (
				061B492724DF7166002104D5 /* CoconutChatUITests.swift */,
				061B492924DF7166002104D5 /* Info.plist */,
			);
			path = CoconutChatUITests;
			sourceTree = "<group>";
		};
		061B493924DF72B9002104D5 /* Model */ = {
			isa = PBXGroup;
			children = (
				061B493524DF72AC002104D5 /* User.swift */,
				061B493724DF72B4002104D5 /* Message.swift */,
				061B494324E02A0A002104D5 /* MessageOrigin.swift */,
				061B495524E0A89C002104D5 /* UserStatus.swift */,
			);
			path = Model;
			sourceTree = "<group>";
		};
		061B494024DF74EB002104D5 /* View */ = {
			isa = PBXGroup;
			children = (
				061B495224E0A37C002104D5 /* ContactList */,
				061B495124E08F58002104D5 /* ChatView */,
			);
			path = View;
			sourceTree = "<group>";
		};
		061B494C24E03E65002104D5 /* Helper */ = {
			isa = PBXGroup;
			children = (
				061B494A24E03E58002104D5 /* Constants.swift */,
				061B494D24E03F4B002104D5 /* KeyboardResponder.swift */,
				061B494F24E03FDC002104D5 /* View+Extensions.swift */,
				061B495924E15324002104D5 /* TextFieldAlertViewController+TextFieldAlert.swift */,
			);
			path = Helper;
			sourceTree = "<group>";
		};
		061B495124E08F58002104D5 /* ChatView */ = {
			isa = PBXGroup;
			children = (
				061B493E24DF74E5002104D5 /* ChatView.swift */,
				061B493C24DF74DB002104D5 /* MessageView.swift */,
				061B494524E02BFC002104D5 /* BubbleMessageView.swift */,
				061B493A24DF74CC002104D5 /* ContentMessageView.swift */,
				061B494124E028E1002104D5 /* TailView.swift */,
			);
			path = ChatView;
			sourceTree = "<group>";
		};
		061B495224E0A37C002104D5 /* ContactList */ = {
			isa = PBXGroup;
			children = (
				061B495324E0A420002104D5 /* ContactList.swift */,
				061B495724E0B5CB002104D5 /* ContactView.swift */,
			);
			path = ContactList;
			sourceTree = "<group>";
		};
		061B495D24E18935002104D5 /* Repository */ = {
			isa = PBXGroup;
			children = (
				061B494824E03D78002104D5 /* ChatRepository.swift */,
				061B495B24E15F9F002104D5 /* ContactRepository.swift */,
				061B496224E20CEC002104D5 /* UserRepository.swift */,
			);
			path = Repository;
			sourceTree = "<group>";
		};
		06C60F0C24E44C0700C9A573 /* Service */ = {
			isa = PBXGroup;
			children = (
				06C60F0A24E44C0300C9A573 /* MiddlewareManager.swift */,
			);
			path = Service;
			sourceTree = "<group>";
		};
		E5F799B1715280D558613A53 /* Frameworks */ = {
			isa = PBXGroup;
			children = (
				7EB22B249763493605F79654 /* Pods_CoconutChat.framework */,
				AE7AC927A17CAFA0DC7965E2 /* Pods_CoconutChat_CoconutChatUITests.framework */,
				895E2291D31B34E9F7D53D36 /* Pods_CoconutChatTests.framework */,
			);
			name = Frameworks;
			sourceTree = "<group>";
		};
		E9169411F42CFABB5AB62828 /* Pods */ = {
			isa = PBXGroup;
			children = (
				D028A947F5829579786D16CA /* Pods-CoconutChat.debug.xcconfig */,
				CE825D2CCB5E12CC6E56F0F9 /* Pods-CoconutChat.release.xcconfig */,
				E960D088A7733D48C6FB6F56 /* Pods-CoconutChat-CoconutChatUITests.debug.xcconfig */,
				05D1D9C06EBE231548631A47 /* Pods-CoconutChat-CoconutChatUITests.release.xcconfig */,
				8AFD14A6A6847BD4C56A0B8F /* Pods-CoconutChatTests.debug.xcconfig */,
				87F130536CFA5F4F236BBFB5 /* Pods-CoconutChatTests.release.xcconfig */,
			);
			path = Pods;
			sourceTree = "<group>";
		};
/* End PBXGroup section */

/* Begin PBXNativeTarget section */
		061B490124DF7161002104D5 /* CoconutChat */ = {
			isa = PBXNativeTarget;
			buildConfigurationList = 061B492C24DF7166002104D5 /* Build configuration list for PBXNativeTarget "CoconutChat" */;
			buildPhases = (
				8B606BFA851E934261555B49 /* [CP] Check Pods Manifest.lock */,
				061B48FE24DF7161002104D5 /* Sources */,
				061B48FF24DF7161002104D5 /* Frameworks */,
				061B490024DF7161002104D5 /* Resources */,
				D34041ECDEDD94A7EF54A4E2 /* [CP] Embed Pods Frameworks */,
			);
			buildRules = (
			);
			dependencies = (
			);
			name = CoconutChat;
			productName = CoconutChat;
			productReference = 061B490224DF7161002104D5 /* CoconutChat.app */;
			productType = "com.apple.product-type.application";
		};
		061B491724DF7166002104D5 /* CoconutChatTests */ = {
			isa = PBXNativeTarget;
			buildConfigurationList = 061B492F24DF7166002104D5 /* Build configuration list for PBXNativeTarget "CoconutChatTests" */;
			buildPhases = (
				4768931C2362153853F1E355 /* [CP] Check Pods Manifest.lock */,
				061B491424DF7166002104D5 /* Sources */,
				061B491524DF7166002104D5 /* Frameworks */,
				061B491624DF7166002104D5 /* Resources */,
			);
			buildRules = (
			);
			dependencies = (
				061B491A24DF7166002104D5 /* PBXTargetDependency */,
			);
			name = CoconutChatTests;
			productName = CoconutChatTests;
			productReference = 061B491824DF7166002104D5 /* CoconutChatTests.xctest */;
			productType = "com.apple.product-type.bundle.unit-test";
		};
		061B492224DF7166002104D5 /* CoconutChatUITests */ = {
			isa = PBXNativeTarget;
			buildConfigurationList = 061B493224DF7166002104D5 /* Build configuration list for PBXNativeTarget "CoconutChatUITests" */;
			buildPhases = (
				60B056A0C07D8638448F8D3D /* [CP] Check Pods Manifest.lock */,
				061B491F24DF7166002104D5 /* Sources */,
				061B492024DF7166002104D5 /* Frameworks */,
				061B492124DF7166002104D5 /* Resources */,
				1A0C0EC711DB45EC24B09525 /* [CP] Embed Pods Frameworks */,
			);
			buildRules = (
			);
			dependencies = (
				061B492524DF7166002104D5 /* PBXTargetDependency */,
			);
			name = CoconutChatUITests;
			productName = CoconutChatUITests;
			productReference = 061B492324DF7166002104D5 /* CoconutChatUITests.xctest */;
			productType = "com.apple.product-type.bundle.ui-testing";
		};
		06C60F0D24E4A9D100C9A573 /* CoconutChat 2 */ = {
			isa = PBXNativeTarget;
			buildConfigurationList = 06C60F2D24E4A9D100C9A573 /* Build configuration list for PBXNativeTarget "CoconutChat 2" */;
			buildPhases = (
				06C60F0E24E4A9D100C9A573 /* [CP] Check Pods Manifest.lock */,
				06C60F0F24E4A9D100C9A573 /* Sources */,
				06C60F2624E4A9D100C9A573 /* Frameworks */,
				06C60F2824E4A9D100C9A573 /* Resources */,
				06C60F2C24E4A9D100C9A573 /* [CP] Embed Pods Frameworks */,
			);
			buildRules = (
			);
			dependencies = (
			);
			name = "CoconutChat 2";
			productName = CoconutChat;
			productReference = 06C60F3024E4A9D100C9A573 /* CoconutChat 2.app */;
			productType = "com.apple.product-type.application";
		};
/* End PBXNativeTarget section */

/* Begin PBXProject section */
		061B48FA24DF7161002104D5 /* Project object */ = {
			isa = PBXProject;
			attributes = {
				LastSwiftUpdateCheck = 1160;
				LastUpgradeCheck = 1160;
				ORGANIZATIONNAME = "Gabriela Bezerra";
				TargetAttributes = {
					061B490124DF7161002104D5 = {
						CreatedOnToolsVersion = 11.6;
					};
					061B491724DF7166002104D5 = {
						CreatedOnToolsVersion = 11.6;
						TestTargetID = 061B490124DF7161002104D5;
					};
					061B492224DF7166002104D5 = {
						CreatedOnToolsVersion = 11.6;
						TestTargetID = 061B490124DF7161002104D5;
					};
				};
			};
			buildConfigurationList = 061B48FD24DF7161002104D5 /* Build configuration list for PBXProject "CoconutChat" */;
			compatibilityVersion = "Xcode 9.3";
			developmentRegion = en;
			hasScannedForEncodings = 0;
			knownRegions = (
				en,
				Base,
			);
			mainGroup = 061B48F924DF7161002104D5;
			productRefGroup = 061B490324DF7161002104D5 /* Products */;
			projectDirPath = "";
			projectRoot = "";
			targets = (
				061B490124DF7161002104D5 /* CoconutChat */,
				061B491724DF7166002104D5 /* CoconutChatTests */,
				061B492224DF7166002104D5 /* CoconutChatUITests */,
				06C60F0D24E4A9D100C9A573 /* CoconutChat 2 */,
			);
		};
/* End PBXProject section */

/* Begin PBXResourcesBuildPhase section */
		061B490024DF7161002104D5 /* Resources */ = {
			isa = PBXResourcesBuildPhase;
			buildActionMask = 2147483647;
			files = (
				061B491224DF7166002104D5 /* LaunchScreen.storyboard in Resources */,
				061B490F24DF7166002104D5 /* Preview Assets.xcassets in Resources */,
				061B490C24DF7166002104D5 /* Assets.xcassets in Resources */,
			);
			runOnlyForDeploymentPostprocessing = 0;
		};
		061B491624DF7166002104D5 /* Resources */ = {
			isa = PBXResourcesBuildPhase;
			buildActionMask = 2147483647;
			files = (
			);
			runOnlyForDeploymentPostprocessing = 0;
		};
		061B492124DF7166002104D5 /* Resources */ = {
			isa = PBXResourcesBuildPhase;
			buildActionMask = 2147483647;
			files = (
			);
			runOnlyForDeploymentPostprocessing = 0;
		};
		06C60F2824E4A9D100C9A573 /* Resources */ = {
			isa = PBXResourcesBuildPhase;
			buildActionMask = 2147483647;
			files = (
				06C60F2924E4A9D100C9A573 /* LaunchScreen.storyboard in Resources */,
				06C60F2A24E4A9D100C9A573 /* Preview Assets.xcassets in Resources */,
				06C60F2B24E4A9D100C9A573 /* Assets.xcassets in Resources */,
			);
			runOnlyForDeploymentPostprocessing = 0;
		};
/* End PBXResourcesBuildPhase section */

/* Begin PBXShellScriptBuildPhase section */
		06C60F0E24E4A9D100C9A573 /* [CP] Check Pods Manifest.lock */ = {
			isa = PBXShellScriptBuildPhase;
			buildActionMask = 2147483647;
			files = (
			);
			inputFileListPaths = (
			);
			inputPaths = (
				"${PODS_PODFILE_DIR_PATH}/Podfile.lock",
				"${PODS_ROOT}/Manifest.lock",
			);
			name = "[CP] Check Pods Manifest.lock";
			outputFileListPaths = (
			);
			outputPaths = (
				"$(DERIVED_FILE_DIR)/Pods-CoconutChat-checkManifestLockResult.txt",
			);
			runOnlyForDeploymentPostprocessing = 0;
			shellPath = /bin/sh;
			shellScript = "diff \"${PODS_PODFILE_DIR_PATH}/Podfile.lock\" \"${PODS_ROOT}/Manifest.lock\" > /dev/null\nif [ $? != 0 ] ; then\n    # print error to STDERR\n    echo \"error: The sandbox is not in sync with the Podfile.lock. Run 'pod install' or update your CocoaPods installation.\" >&2\n    exit 1\nfi\n# This output is used by Xcode 'outputs' to avoid re-running this script phase.\necho \"SUCCESS\" > \"${SCRIPT_OUTPUT_FILE_0}\"\n";
			showEnvVarsInLog = 0;
		};
		06C60F2C24E4A9D100C9A573 /* [CP] Embed Pods Frameworks */ = {
			isa = PBXShellScriptBuildPhase;
			buildActionMask = 2147483647;
			files = (
			);
			inputFileListPaths = (
				"${PODS_ROOT}/Target Support Files/Pods-CoconutChat/Pods-CoconutChat-frameworks-${CONFIGURATION}-input-files.xcfilelist",
			);
			name = "[CP] Embed Pods Frameworks";
			outputFileListPaths = (
				"${PODS_ROOT}/Target Support Files/Pods-CoconutChat/Pods-CoconutChat-frameworks-${CONFIGURATION}-output-files.xcfilelist",
			);
			runOnlyForDeploymentPostprocessing = 0;
			shellPath = /bin/sh;
			shellScript = "\"${PODS_ROOT}/Target Support Files/Pods-CoconutChat/Pods-CoconutChat-frameworks.sh\"\n";
			showEnvVarsInLog = 0;
		};
		1A0C0EC711DB45EC24B09525 /* [CP] Embed Pods Frameworks */ = {
			isa = PBXShellScriptBuildPhase;
			buildActionMask = 2147483647;
			files = (
			);
			inputFileListPaths = (
				"${PODS_ROOT}/Target Support Files/Pods-CoconutChat-CoconutChatUITests/Pods-CoconutChat-CoconutChatUITests-frameworks-${CONFIGURATION}-input-files.xcfilelist",
			);
			name = "[CP] Embed Pods Frameworks";
			outputFileListPaths = (
				"${PODS_ROOT}/Target Support Files/Pods-CoconutChat-CoconutChatUITests/Pods-CoconutChat-CoconutChatUITests-frameworks-${CONFIGURATION}-output-files.xcfilelist",
			);
			runOnlyForDeploymentPostprocessing = 0;
			shellPath = /bin/sh;
			shellScript = "\"${PODS_ROOT}/Target Support Files/Pods-CoconutChat-CoconutChatUITests/Pods-CoconutChat-CoconutChatUITests-frameworks.sh\"\n";
			showEnvVarsInLog = 0;
		};
		4768931C2362153853F1E355 /* [CP] Check Pods Manifest.lock */ = {
			isa = PBXShellScriptBuildPhase;
			buildActionMask = 2147483647;
			files = (
			);
			inputFileListPaths = (
			);
			inputPaths = (
				"${PODS_PODFILE_DIR_PATH}/Podfile.lock",
				"${PODS_ROOT}/Manifest.lock",
			);
			name = "[CP] Check Pods Manifest.lock";
			outputFileListPaths = (
			);
			outputPaths = (
				"$(DERIVED_FILE_DIR)/Pods-CoconutChatTests-checkManifestLockResult.txt",
			);
			runOnlyForDeploymentPostprocessing = 0;
			shellPath = /bin/sh;
			shellScript = "diff \"${PODS_PODFILE_DIR_PATH}/Podfile.lock\" \"${PODS_ROOT}/Manifest.lock\" > /dev/null\nif [ $? != 0 ] ; then\n    # print error to STDERR\n    echo \"error: The sandbox is not in sync with the Podfile.lock. Run 'pod install' or update your CocoaPods installation.\" >&2\n    exit 1\nfi\n# This output is used by Xcode 'outputs' to avoid re-running this script phase.\necho \"SUCCESS\" > \"${SCRIPT_OUTPUT_FILE_0}\"\n";
			showEnvVarsInLog = 0;
		};
		60B056A0C07D8638448F8D3D /* [CP] Check Pods Manifest.lock */ = {
			isa = PBXShellScriptBuildPhase;
			buildActionMask = 2147483647;
			files = (
			);
			inputFileListPaths = (
			);
			inputPaths = (
				"${PODS_PODFILE_DIR_PATH}/Podfile.lock",
				"${PODS_ROOT}/Manifest.lock",
			);
			name = "[CP] Check Pods Manifest.lock";
			outputFileListPaths = (
			);
			outputPaths = (
				"$(DERIVED_FILE_DIR)/Pods-CoconutChat-CoconutChatUITests-checkManifestLockResult.txt",
			);
			runOnlyForDeploymentPostprocessing = 0;
			shellPath = /bin/sh;
			shellScript = "diff \"${PODS_PODFILE_DIR_PATH}/Podfile.lock\" \"${PODS_ROOT}/Manifest.lock\" > /dev/null\nif [ $? != 0 ] ; then\n    # print error to STDERR\n    echo \"error: The sandbox is not in sync with the Podfile.lock. Run 'pod install' or update your CocoaPods installation.\" >&2\n    exit 1\nfi\n# This output is used by Xcode 'outputs' to avoid re-running this script phase.\necho \"SUCCESS\" > \"${SCRIPT_OUTPUT_FILE_0}\"\n";
			showEnvVarsInLog = 0;
		};
		8B606BFA851E934261555B49 /* [CP] Check Pods Manifest.lock */ = {
			isa = PBXShellScriptBuildPhase;
			buildActionMask = 2147483647;
			files = (
			);
			inputFileListPaths = (
			);
			inputPaths = (
				"${PODS_PODFILE_DIR_PATH}/Podfile.lock",
				"${PODS_ROOT}/Manifest.lock",
			);
			name = "[CP] Check Pods Manifest.lock";
			outputFileListPaths = (
			);
			outputPaths = (
				"$(DERIVED_FILE_DIR)/Pods-CoconutChat-checkManifestLockResult.txt",
			);
			runOnlyForDeploymentPostprocessing = 0;
			shellPath = /bin/sh;
			shellScript = "diff \"${PODS_PODFILE_DIR_PATH}/Podfile.lock\" \"${PODS_ROOT}/Manifest.lock\" > /dev/null\nif [ $? != 0 ] ; then\n    # print error to STDERR\n    echo \"error: The sandbox is not in sync with the Podfile.lock. Run 'pod install' or update your CocoaPods installation.\" >&2\n    exit 1\nfi\n# This output is used by Xcode 'outputs' to avoid re-running this script phase.\necho \"SUCCESS\" > \"${SCRIPT_OUTPUT_FILE_0}\"\n";
			showEnvVarsInLog = 0;
		};
		D34041ECDEDD94A7EF54A4E2 /* [CP] Embed Pods Frameworks */ = {
			isa = PBXShellScriptBuildPhase;
			buildActionMask = 2147483647;
			files = (
			);
			inputFileListPaths = (
				"${PODS_ROOT}/Target Support Files/Pods-CoconutChat/Pods-CoconutChat-frameworks-${CONFIGURATION}-input-files.xcfilelist",
			);
			name = "[CP] Embed Pods Frameworks";
			outputFileListPaths = (
				"${PODS_ROOT}/Target Support Files/Pods-CoconutChat/Pods-CoconutChat-frameworks-${CONFIGURATION}-output-files.xcfilelist",
			);
			runOnlyForDeploymentPostprocessing = 0;
			shellPath = /bin/sh;
			shellScript = "\"${PODS_ROOT}/Target Support Files/Pods-CoconutChat/Pods-CoconutChat-frameworks.sh\"\n";
			showEnvVarsInLog = 0;
		};
/* End PBXShellScriptBuildPhase section */

/* Begin PBXSourcesBuildPhase section */
		061B48FE24DF7161002104D5 /* Sources */ = {
			isa = PBXSourcesBuildPhase;
			buildActionMask = 2147483647;
			files = (
				061B496324E20CEC002104D5 /* UserRepository.swift in Sources */,
				061B495C24E15F9F002104D5 /* ContactRepository.swift in Sources */,
				061B493B24DF74CC002104D5 /* ContentMessageView.swift in Sources */,
				061B494624E02BFC002104D5 /* BubbleMessageView.swift in Sources */,
				061B495A24E15324002104D5 /* TextFieldAlertViewController+TextFieldAlert.swift in Sources */,
				061B493624DF72AC002104D5 /* User.swift in Sources */,
				061B494424E02A0A002104D5 /* MessageOrigin.swift in Sources */,
				061B490624DF7161002104D5 /* AppDelegate.swift in Sources */,
				061B493824DF72B4002104D5 /* Message.swift in Sources */,
				061B493F24DF74E5002104D5 /* ChatView.swift in Sources */,
				061B495024E03FDC002104D5 /* View+Extensions.swift in Sources */,
				061B494924E03D78002104D5 /* ChatRepository.swift in Sources */,
				06C60F0B24E44C0300C9A573 /* MiddlewareManager.swift in Sources */,
				061B495424E0A420002104D5 /* ContactList.swift in Sources */,
				061B495824E0B5CB002104D5 /* ContactView.swift in Sources */,
				061B494224E028E1002104D5 /* TailView.swift in Sources */,
				061B494E24E03F4B002104D5 /* KeyboardResponder.swift in Sources */,
				061B494B24E03E58002104D5 /* Constants.swift in Sources */,
				061B490824DF7161002104D5 /* SceneDelegate.swift in Sources */,
				061B495624E0A89C002104D5 /* UserStatus.swift in Sources */,
				061B493D24DF74DB002104D5 /* MessageView.swift in Sources */,
			);
			runOnlyForDeploymentPostprocessing = 0;
		};
		061B491424DF7166002104D5 /* Sources */ = {
			isa = PBXSourcesBuildPhase;
			buildActionMask = 2147483647;
			files = (
				061B491D24DF7166002104D5 /* CoconutChatTests.swift in Sources */,
			);
			runOnlyForDeploymentPostprocessing = 0;
		};
		061B491F24DF7166002104D5 /* Sources */ = {
			isa = PBXSourcesBuildPhase;
			buildActionMask = 2147483647;
			files = (
				061B492824DF7166002104D5 /* CoconutChatUITests.swift in Sources */,
			);
			runOnlyForDeploymentPostprocessing = 0;
		};
		06C60F0F24E4A9D100C9A573 /* Sources */ = {
			isa = PBXSourcesBuildPhase;
			buildActionMask = 2147483647;
			files = (
				06C60F1024E4A9D100C9A573 /* UserRepository.swift in Sources */,
				06C60F1124E4A9D100C9A573 /* ContactRepository.swift in Sources */,
				06C60F1224E4A9D100C9A573 /* ContentMessageView.swift in Sources */,
				06C60F1324E4A9D100C9A573 /* BubbleMessageView.swift in Sources */,
				06C60F1424E4A9D100C9A573 /* TextFieldAlertViewController+TextFieldAlert.swift in Sources */,
				06C60F1524E4A9D100C9A573 /* User.swift in Sources */,
				06C60F1624E4A9D100C9A573 /* MessageOrigin.swift in Sources */,
				06C60F1724E4A9D100C9A573 /* AppDelegate.swift in Sources */,
				06C60F1824E4A9D100C9A573 /* Message.swift in Sources */,
				06C60F1924E4A9D100C9A573 /* ChatView.swift in Sources */,
				06C60F1A24E4A9D100C9A573 /* View+Extensions.swift in Sources */,
				06C60F1B24E4A9D100C9A573 /* ChatRepository.swift in Sources */,
				06C60F1D24E4A9D100C9A573 /* MiddlewareManager.swift in Sources */,
				06C60F1E24E4A9D100C9A573 /* ContactList.swift in Sources */,
				06C60F1F24E4A9D100C9A573 /* ContactView.swift in Sources */,
				06C60F2024E4A9D100C9A573 /* TailView.swift in Sources */,
				06C60F2124E4A9D100C9A573 /* KeyboardResponder.swift in Sources */,
				06C60F2224E4A9D100C9A573 /* Constants.swift in Sources */,
				06C60F2324E4A9D100C9A573 /* SceneDelegate.swift in Sources */,
				06C60F2424E4A9D100C9A573 /* UserStatus.swift in Sources */,
				06C60F2524E4A9D100C9A573 /* MessageView.swift in Sources */,
			);
			runOnlyForDeploymentPostprocessing = 0;
		};
/* End PBXSourcesBuildPhase section */

/* Begin PBXTargetDependency section */
		061B491A24DF7166002104D5 /* PBXTargetDependency */ = {
			isa = PBXTargetDependency;
			target = 061B490124DF7161002104D5 /* CoconutChat */;
			targetProxy = 061B491924DF7166002104D5 /* PBXContainerItemProxy */;
		};
		061B492524DF7166002104D5 /* PBXTargetDependency */ = {
			isa = PBXTargetDependency;
			target = 061B490124DF7161002104D5 /* CoconutChat */;
			targetProxy = 061B492424DF7166002104D5 /* PBXContainerItemProxy */;
		};
/* End PBXTargetDependency section */

/* Begin PBXVariantGroup section */
		061B491024DF7166002104D5 /* LaunchScreen.storyboard */ = {
			isa = PBXVariantGroup;
			children = (
				061B491124DF7166002104D5 /* Base */,
			);
			name = LaunchScreen.storyboard;
			sourceTree = "<group>";
		};
/* End PBXVariantGroup section */

/* Begin XCBuildConfiguration section */
		061B492A24DF7166002104D5 /* Debug */ = {
			isa = XCBuildConfiguration;
			buildSettings = {
				ALWAYS_SEARCH_USER_PATHS = NO;
				CLANG_ANALYZER_NONNULL = YES;
				CLANG_ANALYZER_NUMBER_OBJECT_CONVERSION = YES_AGGRESSIVE;
				CLANG_CXX_LANGUAGE_STANDARD = "gnu++14";
				CLANG_CXX_LIBRARY = "libc++";
				CLANG_ENABLE_MODULES = YES;
				CLANG_ENABLE_OBJC_ARC = YES;
				CLANG_ENABLE_OBJC_WEAK = YES;
				CLANG_WARN_BLOCK_CAPTURE_AUTORELEASING = YES;
				CLANG_WARN_BOOL_CONVERSION = YES;
				CLANG_WARN_COMMA = YES;
				CLANG_WARN_CONSTANT_CONVERSION = YES;
				CLANG_WARN_DEPRECATED_OBJC_IMPLEMENTATIONS = YES;
				CLANG_WARN_DIRECT_OBJC_ISA_USAGE = YES_ERROR;
				CLANG_WARN_DOCUMENTATION_COMMENTS = YES;
				CLANG_WARN_EMPTY_BODY = YES;
				CLANG_WARN_ENUM_CONVERSION = YES;
				CLANG_WARN_INFINITE_RECURSION = YES;
				CLANG_WARN_INT_CONVERSION = YES;
				CLANG_WARN_NON_LITERAL_NULL_CONVERSION = YES;
				CLANG_WARN_OBJC_IMPLICIT_RETAIN_SELF = YES;
				CLANG_WARN_OBJC_LITERAL_CONVERSION = YES;
				CLANG_WARN_OBJC_ROOT_CLASS = YES_ERROR;
				CLANG_WARN_RANGE_LOOP_ANALYSIS = YES;
				CLANG_WARN_STRICT_PROTOTYPES = YES;
				CLANG_WARN_SUSPICIOUS_MOVE = YES;
				CLANG_WARN_UNGUARDED_AVAILABILITY = YES_AGGRESSIVE;
				CLANG_WARN_UNREACHABLE_CODE = YES;
				CLANG_WARN__DUPLICATE_METHOD_MATCH = YES;
				COPY_PHASE_STRIP = NO;
				DEBUG_INFORMATION_FORMAT = dwarf;
				ENABLE_STRICT_OBJC_MSGSEND = YES;
				ENABLE_TESTABILITY = YES;
				GCC_C_LANGUAGE_STANDARD = gnu11;
				GCC_DYNAMIC_NO_PIC = NO;
				GCC_NO_COMMON_BLOCKS = YES;
				GCC_OPTIMIZATION_LEVEL = 0;
				GCC_PREPROCESSOR_DEFINITIONS = (
					"DEBUG=1",
					"$(inherited)",
				);
				GCC_WARN_64_TO_32_BIT_CONVERSION = YES;
				GCC_WARN_ABOUT_RETURN_TYPE = YES_ERROR;
				GCC_WARN_UNDECLARED_SELECTOR = YES;
				GCC_WARN_UNINITIALIZED_AUTOS = YES_AGGRESSIVE;
				GCC_WARN_UNUSED_FUNCTION = YES;
				GCC_WARN_UNUSED_VARIABLE = YES;
				IPHONEOS_DEPLOYMENT_TARGET = 13.6;
				MTL_ENABLE_DEBUG_INFO = INCLUDE_SOURCE;
				MTL_FAST_MATH = YES;
				ONLY_ACTIVE_ARCH = YES;
				SDKROOT = iphoneos;
				SWIFT_ACTIVE_COMPILATION_CONDITIONS = DEBUG;
				SWIFT_OPTIMIZATION_LEVEL = "-Onone";
			};
			name = Debug;
		};
		061B492B24DF7166002104D5 /* Release */ = {
			isa = XCBuildConfiguration;
			buildSettings = {
				ALWAYS_SEARCH_USER_PATHS = NO;
				CLANG_ANALYZER_NONNULL = YES;
				CLANG_ANALYZER_NUMBER_OBJECT_CONVERSION = YES_AGGRESSIVE;
				CLANG_CXX_LANGUAGE_STANDARD = "gnu++14";
				CLANG_CXX_LIBRARY = "libc++";
				CLANG_ENABLE_MODULES = YES;
				CLANG_ENABLE_OBJC_ARC = YES;
				CLANG_ENABLE_OBJC_WEAK = YES;
				CLANG_WARN_BLOCK_CAPTURE_AUTORELEASING = YES;
				CLANG_WARN_BOOL_CONVERSION = YES;
				CLANG_WARN_COMMA = YES;
				CLANG_WARN_CONSTANT_CONVERSION = YES;
				CLANG_WARN_DEPRECATED_OBJC_IMPLEMENTATIONS = YES;
				CLANG_WARN_DIRECT_OBJC_ISA_USAGE = YES_ERROR;
				CLANG_WARN_DOCUMENTATION_COMMENTS = YES;
				CLANG_WARN_EMPTY_BODY = YES;
				CLANG_WARN_ENUM_CONVERSION = YES;
				CLANG_WARN_INFINITE_RECURSION = YES;
				CLANG_WARN_INT_CONVERSION = YES;
				CLANG_WARN_NON_LITERAL_NULL_CONVERSION = YES;
				CLANG_WARN_OBJC_IMPLICIT_RETAIN_SELF = YES;
				CLANG_WARN_OBJC_LITERAL_CONVERSION = YES;
				CLANG_WARN_OBJC_ROOT_CLASS = YES_ERROR;
				CLANG_WARN_RANGE_LOOP_ANALYSIS = YES;
				CLANG_WARN_STRICT_PROTOTYPES = YES;
				CLANG_WARN_SUSPICIOUS_MOVE = YES;
				CLANG_WARN_UNGUARDED_AVAILABILITY = YES_AGGRESSIVE;
				CLANG_WARN_UNREACHABLE_CODE = YES;
				CLANG_WARN__DUPLICATE_METHOD_MATCH = YES;
				COPY_PHASE_STRIP = NO;
				DEBUG_INFORMATION_FORMAT = "dwarf-with-dsym";
				ENABLE_NS_ASSERTIONS = NO;
				ENABLE_STRICT_OBJC_MSGSEND = YES;
				GCC_C_LANGUAGE_STANDARD = gnu11;
				GCC_NO_COMMON_BLOCKS = YES;
				GCC_WARN_64_TO_32_BIT_CONVERSION = YES;
				GCC_WARN_ABOUT_RETURN_TYPE = YES_ERROR;
				GCC_WARN_UNDECLARED_SELECTOR = YES;
				GCC_WARN_UNINITIALIZED_AUTOS = YES_AGGRESSIVE;
				GCC_WARN_UNUSED_FUNCTION = YES;
				GCC_WARN_UNUSED_VARIABLE = YES;
				IPHONEOS_DEPLOYMENT_TARGET = 13.6;
				MTL_ENABLE_DEBUG_INFO = NO;
				MTL_FAST_MATH = YES;
				SDKROOT = iphoneos;
				SWIFT_COMPILATION_MODE = wholemodule;
				SWIFT_OPTIMIZATION_LEVEL = "-O";
				VALIDATE_PRODUCT = YES;
			};
			name = Release;
		};
		061B492D24DF7166002104D5 /* Debug */ = {
			isa = XCBuildConfiguration;
			baseConfigurationReference = D028A947F5829579786D16CA /* Pods-CoconutChat.debug.xcconfig */;
			buildSettings = {
				ASSETCATALOG_COMPILER_APPICON_NAME = AppIcon;
				CODE_SIGN_STYLE = Automatic;
				DEVELOPMENT_ASSET_PATHS = "\"CoconutChat/Preview Content\"";
				DEVELOPMENT_TEAM = 526YR6WHWC;
				ENABLE_PREVIEWS = YES;
				INFOPLIST_FILE = CoconutChat/Info.plist;
				LD_RUNPATH_SEARCH_PATHS = (
					"$(inherited)",
					"@executable_path/Frameworks",
				);
				PRODUCT_BUNDLE_IDENTIFIER = com.sharkberry.CoconutChat;
				PRODUCT_NAME = "$(TARGET_NAME)";
				SWIFT_VERSION = 5.0;
				TARGETED_DEVICE_FAMILY = "1,2";
			};
			name = Debug;
		};
		061B492E24DF7166002104D5 /* Release */ = {
			isa = XCBuildConfiguration;
			baseConfigurationReference = CE825D2CCB5E12CC6E56F0F9 /* Pods-CoconutChat.release.xcconfig */;
			buildSettings = {
				ASSETCATALOG_COMPILER_APPICON_NAME = AppIcon;
				CODE_SIGN_STYLE = Automatic;
				DEVELOPMENT_ASSET_PATHS = "\"CoconutChat/Preview Content\"";
				DEVELOPMENT_TEAM = 526YR6WHWC;
				ENABLE_PREVIEWS = YES;
				INFOPLIST_FILE = CoconutChat/Info.plist;
				LD_RUNPATH_SEARCH_PATHS = (
					"$(inherited)",
					"@executable_path/Frameworks",
				);
				PRODUCT_BUNDLE_IDENTIFIER = com.sharkberry.CoconutChat;
				PRODUCT_NAME = "$(TARGET_NAME)";
				SWIFT_VERSION = 5.0;
				TARGETED_DEVICE_FAMILY = "1,2";
			};
			name = Release;
		};
		061B493024DF7166002104D5 /* Debug */ = {
			isa = XCBuildConfiguration;
			baseConfigurationReference = 8AFD14A6A6847BD4C56A0B8F /* Pods-CoconutChatTests.debug.xcconfig */;
			buildSettings = {
				ALWAYS_EMBED_SWIFT_STANDARD_LIBRARIES = YES;
				BUNDLE_LOADER = "$(TEST_HOST)";
				CODE_SIGN_STYLE = Automatic;
				DEVELOPMENT_TEAM = 526YR6WHWC;
				INFOPLIST_FILE = CoconutChatTests/Info.plist;
				IPHONEOS_DEPLOYMENT_TARGET = 13.6;
				LD_RUNPATH_SEARCH_PATHS = (
					"$(inherited)",
					"@executable_path/Frameworks",
					"@loader_path/Frameworks",
				);
				PRODUCT_BUNDLE_IDENTIFIER = com.sharkberry.CoconutChatTests;
				PRODUCT_NAME = "$(TARGET_NAME)";
				SWIFT_VERSION = 5.0;
				TARGETED_DEVICE_FAMILY = "1,2";
				TEST_HOST = "$(BUILT_PRODUCTS_DIR)/CoconutChat.app/CoconutChat";
			};
			name = Debug;
		};
		061B493124DF7166002104D5 /* Release */ = {
			isa = XCBuildConfiguration;
			baseConfigurationReference = 87F130536CFA5F4F236BBFB5 /* Pods-CoconutChatTests.release.xcconfig */;
			buildSettings = {
				ALWAYS_EMBED_SWIFT_STANDARD_LIBRARIES = YES;
				BUNDLE_LOADER = "$(TEST_HOST)";
				CODE_SIGN_STYLE = Automatic;
				DEVELOPMENT_TEAM = 526YR6WHWC;
				INFOPLIST_FILE = CoconutChatTests/Info.plist;
				IPHONEOS_DEPLOYMENT_TARGET = 13.6;
				LD_RUNPATH_SEARCH_PATHS = (
					"$(inherited)",
					"@executable_path/Frameworks",
					"@loader_path/Frameworks",
				);
				PRODUCT_BUNDLE_IDENTIFIER = com.sharkberry.CoconutChatTests;
				PRODUCT_NAME = "$(TARGET_NAME)";
				SWIFT_VERSION = 5.0;
				TARGETED_DEVICE_FAMILY = "1,2";
				TEST_HOST = "$(BUILT_PRODUCTS_DIR)/CoconutChat.app/CoconutChat";
			};
			name = Release;
		};
		061B493324DF7166002104D5 /* Debug */ = {
			isa = XCBuildConfiguration;
			baseConfigurationReference = E960D088A7733D48C6FB6F56 /* Pods-CoconutChat-CoconutChatUITests.debug.xcconfig */;
			buildSettings = {
				ALWAYS_EMBED_SWIFT_STANDARD_LIBRARIES = YES;
				CODE_SIGN_STYLE = Automatic;
				DEVELOPMENT_TEAM = 526YR6WHWC;
				INFOPLIST_FILE = CoconutChatUITests/Info.plist;
				LD_RUNPATH_SEARCH_PATHS = (
					"$(inherited)",
					"@executable_path/Frameworks",
					"@loader_path/Frameworks",
				);
				PRODUCT_BUNDLE_IDENTIFIER = com.sharkberry.CoconutChatUITests;
				PRODUCT_NAME = "$(TARGET_NAME)";
				SWIFT_VERSION = 5.0;
				TARGETED_DEVICE_FAMILY = "1,2";
				TEST_TARGET_NAME = CoconutChat;
			};
			name = Debug;
		};
		061B493424DF7166002104D5 /* Release */ = {
			isa = XCBuildConfiguration;
			baseConfigurationReference = 05D1D9C06EBE231548631A47 /* Pods-CoconutChat-CoconutChatUITests.release.xcconfig */;
			buildSettings = {
				ALWAYS_EMBED_SWIFT_STANDARD_LIBRARIES = YES;
				CODE_SIGN_STYLE = Automatic;
				DEVELOPMENT_TEAM = 526YR6WHWC;
				INFOPLIST_FILE = CoconutChatUITests/Info.plist;
				LD_RUNPATH_SEARCH_PATHS = (
					"$(inherited)",
					"@executable_path/Frameworks",
					"@loader_path/Frameworks",
				);
				PRODUCT_BUNDLE_IDENTIFIER = com.sharkberry.CoconutChatUITests;
				PRODUCT_NAME = "$(TARGET_NAME)";
				SWIFT_VERSION = 5.0;
				TARGETED_DEVICE_FAMILY = "1,2";
				TEST_TARGET_NAME = CoconutChat;
			};
			name = Release;
		};
		06C60F2E24E4A9D100C9A573 /* Debug */ = {
			isa = XCBuildConfiguration;
			baseConfigurationReference = D028A947F5829579786D16CA /* Pods-CoconutChat.debug.xcconfig */;
			buildSettings = {
				ASSETCATALOG_COMPILER_APPICON_NAME = AppIcon;
				CODE_SIGN_STYLE = Automatic;
				DEVELOPMENT_ASSET_PATHS = "\"CoconutChat/Preview Content\"";
				DEVELOPMENT_TEAM = 526YR6WHWC;
				ENABLE_PREVIEWS = YES;
				INFOPLIST_FILE = "CoconutChat copy-Info.plist";
				LD_RUNPATH_SEARCH_PATHS = (
					"$(inherited)",
					"@executable_path/Frameworks",
				);
				PRODUCT_BUNDLE_IDENTIFIER = com.sharkberry.CoconutChat;
				PRODUCT_NAME = "$(TARGET_NAME)";
				SWIFT_VERSION = 5.0;
				TARGETED_DEVICE_FAMILY = "1,2";
			};
			name = Debug;
		};
		06C60F2F24E4A9D100C9A573 /* Release */ = {
			isa = XCBuildConfiguration;
			baseConfigurationReference = CE825D2CCB5E12CC6E56F0F9 /* Pods-CoconutChat.release.xcconfig */;
			buildSettings = {
				ASSETCATALOG_COMPILER_APPICON_NAME = AppIcon;
				CODE_SIGN_STYLE = Automatic;
				DEVELOPMENT_ASSET_PATHS = "\"CoconutChat/Preview Content\"";
				DEVELOPMENT_TEAM = 526YR6WHWC;
				ENABLE_PREVIEWS = YES;
				INFOPLIST_FILE = "CoconutChat copy-Info.plist";
				LD_RUNPATH_SEARCH_PATHS = (
					"$(inherited)",
					"@executable_path/Frameworks",
				);
				PRODUCT_BUNDLE_IDENTIFIER = com.sharkberry.CoconutChat;
				PRODUCT_NAME = "$(TARGET_NAME)";
				SWIFT_VERSION = 5.0;
				TARGETED_DEVICE_FAMILY = "1,2";
			};
			name = Release;
		};
/* End XCBuildConfiguration section */

/* Begin XCConfigurationList section */
		061B48FD24DF7161002104D5 /* Build configuration list for PBXProject "CoconutChat" */ = {
			isa = XCConfigurationList;
			buildConfigurations = (
				061B492A24DF7166002104D5 /* Debug */,
				061B492B24DF7166002104D5 /* Release */,
			);
			defaultConfigurationIsVisible = 0;
			defaultConfigurationName = Release;
		};
		061B492C24DF7166002104D5 /* Build configuration list for PBXNativeTarget "CoconutChat" */ = {
			isa = XCConfigurationList;
			buildConfigurations = (
				061B492D24DF7166002104D5 /* Debug */,
				061B492E24DF7166002104D5 /* Release */,
			);
			defaultConfigurationIsVisible = 0;
			defaultConfigurationName = Release;
		};
		061B492F24DF7166002104D5 /* Build configuration list for PBXNativeTarget "CoconutChatTests" */ = {
			isa = XCConfigurationList;
			buildConfigurations = (
				061B493024DF7166002104D5 /* Debug */,
				061B493124DF7166002104D5 /* Release */,
			);
			defaultConfigurationIsVisible = 0;
			defaultConfigurationName = Release;
		};
		061B493224DF7166002104D5 /* Build configuration list for PBXNativeTarget "CoconutChatUITests" */ = {
			isa = XCConfigurationList;
			buildConfigurations = (
				061B493324DF7166002104D5 /* Debug */,
				061B493424DF7166002104D5 /* Release */,
			);
			defaultConfigurationIsVisible = 0;
			defaultConfigurationName = Release;
		};
		06C60F2D24E4A9D100C9A573 /* Build configuration list for PBXNativeTarget "CoconutChat 2" */ = {
			isa = XCConfigurationList;
			buildConfigurations = (
				06C60F2E24E4A9D100C9A573 /* Debug */,
				06C60F2F24E4A9D100C9A573 /* Release */,
			);
			defaultConfigurationIsVisible = 0;
			defaultConfigurationName = Release;
		};
/* End XCConfigurationList section */
	};
	rootObject = 061B48FA24DF7161002104D5 /* Project object */;
}
